<?xml version="1.0" encoding="UTF-8"?>
<!DOCTYPE plist PUBLIC "-//Apple//DTD PLIST 1.0//EN" "http://www.apple.com/DTDs/PropertyList-1.0.dtd">
<plist version="1.0">
<dict>
	<key>archiveVersion</key>
	<string>1</string>
	<key>classes</key>
	<dict/>
	<key>objectVersion</key>
	<string>46</string>
	<key>objects</key>
	<dict>
		<key>0EDBBACC57CB406E8288872C</key>
		<dict>
			<key>buildActionMask</key>
			<string>2147483647</string>
			<key>files</key>
			<array/>
			<key>inputPaths</key>
			<array/>
			<key>isa</key>
			<string>PBXShellScriptBuildPhase</string>
			<key>name</key>
			<string>Check Pods Manifest.lock</string>
			<key>outputPaths</key>
			<array/>
			<key>runOnlyForDeploymentPostprocessing</key>
			<string>0</string>
			<key>shellPath</key>
			<string>/bin/sh</string>
			<key>shellScript</key>
			<string>diff "${PODS_ROOT}/../Podfile.lock" "${PODS_ROOT}/Manifest.lock" &gt; /dev/null
if [[ $? != 0 ]] ; then
    cat &lt;&lt; EOM
error: The sandbox is not in sync with the Podfile.lock. Run 'pod install' or update your CocoaPods installation.
EOM
    exit 1
fi
</string>
			<key>showEnvVarsInLog</key>
			<string>0</string>
		</dict>
		<key>3A27F6678ED64613A1EF91EC</key>
		<dict>
			<key>includeInIndex</key>
			<string>1</string>
			<key>isa</key>
			<string>PBXFileReference</string>
			<key>lastKnownFileType</key>
			<string>text.xcconfig</string>
			<key>name</key>
			<string>Pods.xcconfig</string>
			<key>path</key>
			<string>Pods/Pods.xcconfig</string>
			<key>sourceTree</key>
			<string>&lt;group&gt;</string>
		</dict>
		<key>6A924DFD5DA64BBDAE5632D1</key>
		<dict>
			<key>explicitFileType</key>
			<string>archive.ar</string>
			<key>includeInIndex</key>
			<string>0</string>
			<key>isa</key>
			<string>PBXFileReference</string>
			<key>path</key>
			<string>libPods.a</string>
			<key>sourceTree</key>
			<string>BUILT_PRODUCTS_DIR</string>
		</dict>
		<key>8D03F7D3FACE4EE4B7D96DAC</key>
		<dict>
			<key>fileRef</key>
			<string>6A924DFD5DA64BBDAE5632D1</string>
			<key>isa</key>
			<string>PBXBuildFile</string>
		</dict>
		<key>C721B8BF77C34B76B39A1C04</key>
		<dict>
			<key>buildActionMask</key>
			<string>2147483647</string>
			<key>files</key>
			<array/>
			<key>inputPaths</key>
			<array/>
			<key>isa</key>
			<string>PBXShellScriptBuildPhase</string>
			<key>name</key>
			<string>Copy Pods Resources</string>
			<key>outputPaths</key>
			<array/>
			<key>runOnlyForDeploymentPostprocessing</key>
			<string>0</string>
			<key>shellPath</key>
			<string>/bin/sh</string>
			<key>shellScript</key>
			<string>"${SRCROOT}/Pods/Pods-resources.sh"
</string>
			<key>showEnvVarsInLog</key>
			<string>0</string>
		</dict>
		<key>C79F795E188FB7140052DE69</key>
		<dict>
			<key>children</key>
			<array>
				<string>C79F7970188FB7140052DE69</string>
				<string>C79F7992188FB7140052DE69</string>
				<string>C79F7969188FB7140052DE69</string>
				<string>C79F7968188FB7140052DE69</string>
				<string>3A27F6678ED64613A1EF91EC</string>
			</array>
			<key>isa</key>
			<string>PBXGroup</string>
			<key>sourceTree</key>
			<string>&lt;group&gt;</string>
		</dict>
		<key>C79F795F188FB7140052DE69</key>
		<dict>
			<key>attributes</key>
			<dict>
				<key>CLASSPREFIX</key>
				<string>IB</string>
				<key>LastUpgradeCheck</key>
				<string>0500</string>
				<key>ORGANIZATIONNAME</key>
				<string>Hands</string>
				<key>TargetAttributes</key>
				<dict>
					<key>C79F798A188FB7140052DE69</key>
					<dict>
						<key>TestTargetID</key>
						<string>C79F7966188FB7140052DE69</string>
					</dict>
				</dict>
			</dict>
			<key>buildConfigurationList</key>
			<string>C79F7962188FB7140052DE69</string>
			<key>compatibilityVersion</key>
			<string>Xcode 3.2</string>
			<key>developmentRegion</key>
			<string>English</string>
			<key>hasScannedForEncodings</key>
			<string>0</string>
			<key>isa</key>
			<string>PBXProject</string>
			<key>knownRegions</key>
			<array>
				<string>en</string>
				<string>Base</string>
			</array>
			<key>mainGroup</key>
			<string>C79F795E188FB7140052DE69</string>
			<key>productRefGroup</key>
			<string>C79F7968188FB7140052DE69</string>
			<key>projectDirPath</key>
			<string></string>
			<key>projectReferences</key>
			<array/>
			<key>projectRoot</key>
			<string></string>
			<key>targets</key>
			<array>
				<string>C79F7966188FB7140052DE69</string>
				<string>C79F798A188FB7140052DE69</string>
			</array>
		</dict>
		<key>C79F7962188FB7140052DE69</key>
		<dict>
			<key>buildConfigurations</key>
			<array>
				<string>C79F799A188FB7140052DE69</string>
				<string>C79F799B188FB7140052DE69</string>
			</array>
			<key>defaultConfigurationIsVisible</key>
			<string>0</string>
			<key>defaultConfigurationName</key>
			<string>Release</string>
			<key>isa</key>
			<string>XCConfigurationList</string>
		</dict>
		<key>C79F7963188FB7140052DE69</key>
		<dict>
			<key>buildActionMask</key>
			<string>2147483647</string>
			<key>files</key>
			<array>
				<string>C79F79C7188FC71D0052DE69</string>
				<string>C79F79B5188FC6890052DE69</string>
				<string>C79F79A8188FBB940052DE69</string>
				<string>C79F79CE188FC7B10052DE69</string>
				<string>C79F79AB188FBBA80052DE69</string>
				<string>C79F79C1188FC6D50052DE69</string>
				<string>C79F79BE188FC6CB0052DE69</string>
				<string>C79F7977188FB7140052DE69</string>
				<string>C79F79A4188FBA210052DE69</string>
				<string>C79F79B8188FC6920052DE69</string>
				<string>C79F79B1188FC6600052DE69</string>
				<string>C79F79C4188FC6E10052DE69</string>
				<string>C79F79BB188FC69A0052DE69</string>
				<string>C79F797B188FB7140052DE69</string>
				<string>C79F79CA188FC7400052DE69</string>
			</array>
			<key>isa</key>
			<string>PBXSourcesBuildPhase</string>
			<key>runOnlyForDeploymentPostprocessing</key>
			<string>0</string>
		</dict>
		<key>C79F7964188FB7140052DE69</key>
		<dict>
			<key>buildActionMask</key>
			<string>2147483647</string>
			<key>files</key>
			<array>
				<string>C79F796D188FB7140052DE69</string>
				<string>C79F796F188FB7140052DE69</string>
				<string>C79F796B188FB7140052DE69</string>
				<string>8D03F7D3FACE4EE4B7D96DAC</string>
			</array>
			<key>isa</key>
			<string>PBXFrameworksBuildPhase</string>
			<key>runOnlyForDeploymentPostprocessing</key>
			<string>0</string>
		</dict>
		<key>C79F7965188FB7140052DE69</key>
		<dict>
			<key>buildActionMask</key>
			<string>2147483647</string>
			<key>files</key>
			<array>
				<string>C79F7986188FB7140052DE69</string>
				<string>C79F7975188FB7140052DE69</string>
				<string>C79F797E188FB7140052DE69</string>
			</array>
			<key>isa</key>
			<string>PBXResourcesBuildPhase</string>
			<key>runOnlyForDeploymentPostprocessing</key>
			<string>0</string>
		</dict>
		<key>C79F7966188FB7140052DE69</key>
		<dict>
			<key>buildConfigurationList</key>
			<string>C79F799C188FB7140052DE69</string>
			<key>buildPhases</key>
			<array>
				<string>0EDBBACC57CB406E8288872C</string>
				<string>C79F7963188FB7140052DE69</string>
				<string>C79F7964188FB7140052DE69</string>
				<string>C79F7965188FB7140052DE69</string>
				<string>C721B8BF77C34B76B39A1C04</string>
			</array>
			<key>buildRules</key>
			<array/>
			<key>dependencies</key>
			<array/>
			<key>isa</key>
			<string>PBXNativeTarget</string>
			<key>name</key>
			<string>iBeaconDemo</string>
			<key>productName</key>
			<string>iBeaconDemo</string>
			<key>productReference</key>
			<string>C79F7967188FB7140052DE69</string>
			<key>productType</key>
			<string>com.apple.product-type.application</string>
		</dict>
		<key>C79F7967188FB7140052DE69</key>
		<dict>
			<key>explicitFileType</key>
			<string>wrapper.application</string>
			<key>includeInIndex</key>
			<string>0</string>
			<key>isa</key>
			<string>PBXFileReference</string>
			<key>path</key>
			<string>iBeaconDemo.app</string>
			<key>sourceTree</key>
			<string>BUILT_PRODUCTS_DIR</string>
		</dict>
		<key>C79F7968188FB7140052DE69</key>
		<dict>
			<key>children</key>
			<array>
				<string>C79F7967188FB7140052DE69</string>
				<string>C79F798B188FB7140052DE69</string>
			</array>
			<key>isa</key>
			<string>PBXGroup</string>
			<key>name</key>
			<string>Products</string>
			<key>sourceTree</key>
			<string>&lt;group&gt;</string>
		</dict>
		<key>C79F7969188FB7140052DE69</key>
		<dict>
			<key>children</key>
			<array>
				<string>C79F796A188FB7140052DE69</string>
				<string>C79F796C188FB7140052DE69</string>
				<string>C79F796E188FB7140052DE69</string>
				<string>C79F798C188FB7140052DE69</string>
				<string>6A924DFD5DA64BBDAE5632D1</string>
			</array>
			<key>isa</key>
			<string>PBXGroup</string>
			<key>name</key>
			<string>Frameworks</string>
			<key>sourceTree</key>
			<string>&lt;group&gt;</string>
		</dict>
		<key>C79F796A188FB7140052DE69</key>
		<dict>
			<key>isa</key>
			<string>PBXFileReference</string>
			<key>lastKnownFileType</key>
			<string>wrapper.framework</string>
			<key>name</key>
			<string>Foundation.framework</string>
			<key>path</key>
			<string>System/Library/Frameworks/Foundation.framework</string>
			<key>sourceTree</key>
			<string>SDKROOT</string>
		</dict>
		<key>C79F796B188FB7140052DE69</key>
		<dict>
			<key>fileRef</key>
			<string>C79F796A188FB7140052DE69</string>
			<key>isa</key>
			<string>PBXBuildFile</string>
		</dict>
		<key>C79F796C188FB7140052DE69</key>
		<dict>
			<key>isa</key>
			<string>PBXFileReference</string>
			<key>lastKnownFileType</key>
			<string>wrapper.framework</string>
			<key>name</key>
			<string>CoreGraphics.framework</string>
			<key>path</key>
			<string>System/Library/Frameworks/CoreGraphics.framework</string>
			<key>sourceTree</key>
			<string>SDKROOT</string>
		</dict>
		<key>C79F796D188FB7140052DE69</key>
		<dict>
			<key>fileRef</key>
			<string>C79F796C188FB7140052DE69</string>
			<key>isa</key>
			<string>PBXBuildFile</string>
		</dict>
		<key>C79F796E188FB7140052DE69</key>
		<dict>
			<key>isa</key>
			<string>PBXFileReference</string>
			<key>lastKnownFileType</key>
			<string>wrapper.framework</string>
			<key>name</key>
			<string>UIKit.framework</string>
			<key>path</key>
			<string>System/Library/Frameworks/UIKit.framework</string>
			<key>sourceTree</key>
			<string>SDKROOT</string>
		</dict>
		<key>C79F796F188FB7140052DE69</key>
		<dict>
			<key>fileRef</key>
			<string>C79F796E188FB7140052DE69</string>
			<key>isa</key>
			<string>PBXBuildFile</string>
		</dict>
		<key>C79F7970188FB7140052DE69</key>
		<dict>
			<key>children</key>
			<array>
				<string>C79F79CB188FC79D0052DE69</string>
				<string>C79F79B2188FC6760052DE69</string>
				<string>C79F79AE188FC6490052DE69</string>
				<string>C79F79AD188FC62B0052DE69</string>
				<string>C79F7979188FB7140052DE69</string>
				<string>C79F797A188FB7140052DE69</string>
				<string>C79F797C188FB7140052DE69</string>
				<string>C79F7985188FB7140052DE69</string>
				<string>C79F7971188FB7140052DE69</string>
			</array>
			<key>isa</key>
			<string>PBXGroup</string>
			<key>path</key>
			<string>iBeaconDemo</string>
			<key>sourceTree</key>
			<string>&lt;group&gt;</string>
		</dict>
		<key>C79F7971188FB7140052DE69</key>
		<dict>
			<key>children</key>
			<array>
				<string>C79F7972188FB7140052DE69</string>
				<string>C79F7973188FB7140052DE69</string>
				<string>C79F7976188FB7140052DE69</string>
				<string>C79F7978188FB7140052DE69</string>
			</array>
			<key>isa</key>
			<string>PBXGroup</string>
			<key>name</key>
			<string>Supporting Files</string>
			<key>sourceTree</key>
			<string>&lt;group&gt;</string>
		</dict>
		<key>C79F7972188FB7140052DE69</key>
		<dict>
			<key>isa</key>
			<string>PBXFileReference</string>
			<key>lastKnownFileType</key>
			<string>text.plist.xml</string>
			<key>path</key>
			<string>iBeaconDemo-Info.plist</string>
			<key>sourceTree</key>
			<string>&lt;group&gt;</string>
		</dict>
		<key>C79F7973188FB7140052DE69</key>
		<dict>
			<key>children</key>
			<array>
				<string>C79F7974188FB7140052DE69</string>
			</array>
			<key>isa</key>
			<string>PBXVariantGroup</string>
			<key>name</key>
			<string>InfoPlist.strings</string>
			<key>sourceTree</key>
			<string>&lt;group&gt;</string>
		</dict>
		<key>C79F7974188FB7140052DE69</key>
		<dict>
			<key>isa</key>
			<string>PBXFileReference</string>
			<key>lastKnownFileType</key>
			<string>text.plist.strings</string>
			<key>name</key>
			<string>en</string>
			<key>path</key>
			<string>en.lproj/InfoPlist.strings</string>
			<key>sourceTree</key>
			<string>&lt;group&gt;</string>
		</dict>
		<key>C79F7975188FB7140052DE69</key>
		<dict>
			<key>fileRef</key>
			<string>C79F7973188FB7140052DE69</string>
			<key>isa</key>
			<string>PBXBuildFile</string>
		</dict>
		<key>C79F7976188FB7140052DE69</key>
		<dict>
			<key>isa</key>
			<string>PBXFileReference</string>
			<key>lastKnownFileType</key>
			<string>sourcecode.c.objc</string>
			<key>path</key>
			<string>main.m</string>
			<key>sourceTree</key>
			<string>&lt;group&gt;</string>
		</dict>
		<key>C79F7977188FB7140052DE69</key>
		<dict>
			<key>fileRef</key>
			<string>C79F7976188FB7140052DE69</string>
			<key>isa</key>
			<string>PBXBuildFile</string>
		</dict>
		<key>C79F7978188FB7140052DE69</key>
		<dict>
			<key>isa</key>
			<string>PBXFileReference</string>
			<key>lastKnownFileType</key>
			<string>sourcecode.c.h</string>
			<key>path</key>
			<string>iBeaconDemo-Prefix.pch</string>
			<key>sourceTree</key>
			<string>&lt;group&gt;</string>
		</dict>
		<key>C79F7979188FB7140052DE69</key>
		<dict>
			<key>isa</key>
			<string>PBXFileReference</string>
			<key>lastKnownFileType</key>
			<string>sourcecode.c.h</string>
			<key>path</key>
			<string>IBAppDelegate.h</string>
			<key>sourceTree</key>
			<string>&lt;group&gt;</string>
		</dict>
		<key>C79F797A188FB7140052DE69</key>
		<dict>
			<key>isa</key>
			<string>PBXFileReference</string>
			<key>lastKnownFileType</key>
			<string>sourcecode.c.objc</string>
			<key>path</key>
			<string>IBAppDelegate.m</string>
			<key>sourceTree</key>
			<string>&lt;group&gt;</string>
		</dict>
		<key>C79F797B188FB7140052DE69</key>
		<dict>
			<key>fileRef</key>
			<string>C79F797A188FB7140052DE69</string>
			<key>isa</key>
			<string>PBXBuildFile</string>
		</dict>
		<key>C79F797C188FB7140052DE69</key>
		<dict>
			<key>children</key>
			<array>
				<string>C79F797D188FB7140052DE69</string>
			</array>
			<key>isa</key>
			<string>PBXVariantGroup</string>
			<key>name</key>
			<string>Main.storyboard</string>
			<key>sourceTree</key>
			<string>&lt;group&gt;</string>
		</dict>
		<key>C79F797D188FB7140052DE69</key>
		<dict>
			<key>isa</key>
			<string>PBXFileReference</string>
			<key>lastKnownFileType</key>
			<string>file.storyboard</string>
			<key>name</key>
			<string>Base</string>
			<key>path</key>
			<string>Base.lproj/Main.storyboard</string>
			<key>sourceTree</key>
			<string>&lt;group&gt;</string>
		</dict>
		<key>C79F797E188FB7140052DE69</key>
		<dict>
			<key>fileRef</key>
			<string>C79F797C188FB7140052DE69</string>
			<key>isa</key>
			<string>PBXBuildFile</string>
		</dict>
		<key>C79F7985188FB7140052DE69</key>
		<dict>
			<key>isa</key>
			<string>PBXFileReference</string>
			<key>lastKnownFileType</key>
			<string>folder.assetcatalog</string>
			<key>path</key>
			<string>Images.xcassets</string>
			<key>sourceTree</key>
			<string>&lt;group&gt;</string>
		</dict>
		<key>C79F7986188FB7140052DE69</key>
		<dict>
			<key>fileRef</key>
			<string>C79F7985188FB7140052DE69</string>
			<key>isa</key>
			<string>PBXBuildFile</string>
		</dict>
		<key>C79F7987188FB7140052DE69</key>
		<dict>
			<key>buildActionMask</key>
			<string>2147483647</string>
			<key>files</key>
			<array>
				<string>C79F7999188FB7140052DE69</string>
			</array>
			<key>isa</key>
			<string>PBXSourcesBuildPhase</string>
			<key>runOnlyForDeploymentPostprocessing</key>
			<string>0</string>
		</dict>
		<key>C79F7988188FB7140052DE69</key>
		<dict>
			<key>buildActionMask</key>
			<string>2147483647</string>
			<key>files</key>
			<array>
				<string>C79F798D188FB7140052DE69</string>
				<string>C79F798F188FB7140052DE69</string>
				<string>C79F798E188FB7140052DE69</string>
			</array>
			<key>isa</key>
			<string>PBXFrameworksBuildPhase</string>
			<key>runOnlyForDeploymentPostprocessing</key>
			<string>0</string>
		</dict>
		<key>C79F7989188FB7140052DE69</key>
		<dict>
			<key>buildActionMask</key>
			<string>2147483647</string>
			<key>files</key>
			<array>
				<string>C79F7997188FB7140052DE69</string>
			</array>
			<key>isa</key>
			<string>PBXResourcesBuildPhase</string>
			<key>runOnlyForDeploymentPostprocessing</key>
			<string>0</string>
		</dict>
		<key>C79F798A188FB7140052DE69</key>
		<dict>
			<key>buildConfigurationList</key>
			<string>C79F799F188FB7140052DE69</string>
			<key>buildPhases</key>
			<array>
				<string>C79F7987188FB7140052DE69</string>
				<string>C79F7988188FB7140052DE69</string>
				<string>C79F7989188FB7140052DE69</string>
			</array>
			<key>buildRules</key>
			<array/>
			<key>dependencies</key>
			<array>
				<string>C79F7991188FB7140052DE69</string>
			</array>
			<key>isa</key>
			<string>PBXNativeTarget</string>
			<key>name</key>
			<string>iBeaconDemoTests</string>
			<key>productName</key>
			<string>iBeaconDemoTests</string>
			<key>productReference</key>
			<string>C79F798B188FB7140052DE69</string>
			<key>productType</key>
			<string>com.apple.product-type.bundle.unit-test</string>
		</dict>
		<key>C79F798B188FB7140052DE69</key>
		<dict>
			<key>explicitFileType</key>
			<string>wrapper.cfbundle</string>
			<key>includeInIndex</key>
			<string>0</string>
			<key>isa</key>
			<string>PBXFileReference</string>
			<key>path</key>
			<string>iBeaconDemoTests.xctest</string>
			<key>sourceTree</key>
			<string>BUILT_PRODUCTS_DIR</string>
		</dict>
		<key>C79F798C188FB7140052DE69</key>
		<dict>
			<key>isa</key>
			<string>PBXFileReference</string>
			<key>lastKnownFileType</key>
			<string>wrapper.framework</string>
			<key>name</key>
			<string>XCTest.framework</string>
			<key>path</key>
			<string>Library/Frameworks/XCTest.framework</string>
			<key>sourceTree</key>
			<string>DEVELOPER_DIR</string>
		</dict>
		<key>C79F798D188FB7140052DE69</key>
		<dict>
			<key>fileRef</key>
			<string>C79F798C188FB7140052DE69</string>
			<key>isa</key>
			<string>PBXBuildFile</string>
		</dict>
		<key>C79F798E188FB7140052DE69</key>
		<dict>
			<key>fileRef</key>
			<string>C79F796A188FB7140052DE69</string>
			<key>isa</key>
			<string>PBXBuildFile</string>
		</dict>
		<key>C79F798F188FB7140052DE69</key>
		<dict>
			<key>fileRef</key>
			<string>C79F796E188FB7140052DE69</string>
			<key>isa</key>
			<string>PBXBuildFile</string>
		</dict>
		<key>C79F7990188FB7140052DE69</key>
		<dict>
			<key>containerPortal</key>
			<string>C79F795F188FB7140052DE69</string>
			<key>isa</key>
			<string>PBXContainerItemProxy</string>
			<key>proxyType</key>
			<string>1</string>
			<key>remoteGlobalIDString</key>
			<string>C79F7966188FB7140052DE69</string>
			<key>remoteInfo</key>
			<string>iBeaconDemo</string>
		</dict>
		<key>C79F7991188FB7140052DE69</key>
		<dict>
			<key>isa</key>
			<string>PBXTargetDependency</string>
			<key>target</key>
			<string>C79F7966188FB7140052DE69</string>
			<key>targetProxy</key>
			<string>C79F7990188FB7140052DE69</string>
		</dict>
		<key>C79F7992188FB7140052DE69</key>
		<dict>
			<key>children</key>
			<array>
				<string>C79F7998188FB7140052DE69</string>
				<string>C79F7993188FB7140052DE69</string>
			</array>
			<key>isa</key>
			<string>PBXGroup</string>
			<key>path</key>
			<string>iBeaconDemoTests</string>
			<key>sourceTree</key>
			<string>&lt;group&gt;</string>
		</dict>
		<key>C79F7993188FB7140052DE69</key>
		<dict>
			<key>children</key>
			<array>
				<string>C79F7994188FB7140052DE69</string>
				<string>C79F7995188FB7140052DE69</string>
			</array>
			<key>isa</key>
			<string>PBXGroup</string>
			<key>name</key>
			<string>Supporting Files</string>
			<key>sourceTree</key>
			<string>&lt;group&gt;</string>
		</dict>
		<key>C79F7994188FB7140052DE69</key>
		<dict>
			<key>isa</key>
			<string>PBXFileReference</string>
			<key>lastKnownFileType</key>
			<string>text.plist.xml</string>
			<key>path</key>
			<string>iBeaconDemoTests-Info.plist</string>
			<key>sourceTree</key>
			<string>&lt;group&gt;</string>
		</dict>
		<key>C79F7995188FB7140052DE69</key>
		<dict>
			<key>children</key>
			<array>
				<string>C79F7996188FB7140052DE69</string>
			</array>
			<key>isa</key>
			<string>PBXVariantGroup</string>
			<key>name</key>
			<string>InfoPlist.strings</string>
			<key>sourceTree</key>
			<string>&lt;group&gt;</string>
		</dict>
		<key>C79F7996188FB7140052DE69</key>
		<dict>
			<key>isa</key>
			<string>PBXFileReference</string>
			<key>lastKnownFileType</key>
			<string>text.plist.strings</string>
			<key>name</key>
			<string>en</string>
			<key>path</key>
			<string>en.lproj/InfoPlist.strings</string>
			<key>sourceTree</key>
			<string>&lt;group&gt;</string>
		</dict>
		<key>C79F7997188FB7140052DE69</key>
		<dict>
			<key>fileRef</key>
			<string>C79F7995188FB7140052DE69</string>
			<key>isa</key>
			<string>PBXBuildFile</string>
		</dict>
		<key>C79F7998188FB7140052DE69</key>
		<dict>
			<key>isa</key>
			<string>PBXFileReference</string>
			<key>lastKnownFileType</key>
			<string>sourcecode.c.objc</string>
			<key>path</key>
			<string>iBeaconDemoTests.m</string>
			<key>sourceTree</key>
			<string>&lt;group&gt;</string>
		</dict>
		<key>C79F7999188FB7140052DE69</key>
		<dict>
			<key>fileRef</key>
			<string>C79F7998188FB7140052DE69</string>
			<key>isa</key>
			<string>PBXBuildFile</string>
		</dict>
		<key>C79F799A188FB7140052DE69</key>
		<dict>
			<key>buildSettings</key>
			<dict>
				<key>ALWAYS_SEARCH_USER_PATHS</key>
				<string>NO</string>
				<key>ARCHS</key>
				<string>$(ARCHS_STANDARD_INCLUDING_64_BIT)</string>
				<key>CLANG_CXX_LANGUAGE_STANDARD</key>
				<string>gnu++0x</string>
				<key>CLANG_CXX_LIBRARY</key>
				<string>libc++</string>
				<key>CLANG_ENABLE_MODULES</key>
				<string>YES</string>
				<key>CLANG_ENABLE_OBJC_ARC</key>
				<string>YES</string>
				<key>CLANG_WARN_BOOL_CONVERSION</key>
				<string>YES</string>
				<key>CLANG_WARN_CONSTANT_CONVERSION</key>
				<string>YES</string>
				<key>CLANG_WARN_DIRECT_OBJC_ISA_USAGE</key>
				<string>YES_ERROR</string>
				<key>CLANG_WARN_EMPTY_BODY</key>
				<string>YES</string>
				<key>CLANG_WARN_ENUM_CONVERSION</key>
				<string>YES</string>
				<key>CLANG_WARN_INT_CONVERSION</key>
				<string>YES</string>
				<key>CLANG_WARN_OBJC_ROOT_CLASS</key>
				<string>YES_ERROR</string>
				<key>CLANG_WARN__DUPLICATE_METHOD_MATCH</key>
				<string>YES</string>
				<key>CODE_SIGN_IDENTITY[sdk=iphoneos*]</key>
				<string>iPhone Developer</string>
				<key>COPY_PHASE_STRIP</key>
				<string>NO</string>
				<key>GCC_C_LANGUAGE_STANDARD</key>
				<string>gnu99</string>
				<key>GCC_DYNAMIC_NO_PIC</key>
				<string>NO</string>
				<key>GCC_OPTIMIZATION_LEVEL</key>
				<string>0</string>
				<key>GCC_PREPROCESSOR_DEFINITIONS</key>
				<array>
					<string>DEBUG=1</string>
					<string>$(inherited)</string>
				</array>
				<key>GCC_SYMBOLS_PRIVATE_EXTERN</key>
				<string>NO</string>
				<key>GCC_WARN_64_TO_32_BIT_CONVERSION</key>
				<string>YES</string>
				<key>GCC_WARN_ABOUT_RETURN_TYPE</key>
				<string>YES_ERROR</string>
				<key>GCC_WARN_UNDECLARED_SELECTOR</key>
				<string>YES</string>
				<key>GCC_WARN_UNINITIALIZED_AUTOS</key>
				<string>YES</string>
				<key>GCC_WARN_UNUSED_FUNCTION</key>
				<string>YES</string>
				<key>GCC_WARN_UNUSED_VARIABLE</key>
				<string>YES</string>
				<key>IPHONEOS_DEPLOYMENT_TARGET</key>
				<string>7.0</string>
				<key>ONLY_ACTIVE_ARCH</key>
				<string>YES</string>
				<key>SDKROOT</key>
				<string>iphoneos</string>
			</dict>
			<key>isa</key>
			<string>XCBuildConfiguration</string>
			<key>name</key>
			<string>Debug</string>
		</dict>
		<key>C79F799B188FB7140052DE69</key>
		<dict>
			<key>buildSettings</key>
			<dict>
				<key>ALWAYS_SEARCH_USER_PATHS</key>
				<string>NO</string>
				<key>ARCHS</key>
				<string>$(ARCHS_STANDARD_INCLUDING_64_BIT)</string>
				<key>CLANG_CXX_LANGUAGE_STANDARD</key>
				<string>gnu++0x</string>
				<key>CLANG_CXX_LIBRARY</key>
				<string>libc++</string>
				<key>CLANG_ENABLE_MODULES</key>
				<string>YES</string>
				<key>CLANG_ENABLE_OBJC_ARC</key>
				<string>YES</string>
				<key>CLANG_WARN_BOOL_CONVERSION</key>
				<string>YES</string>
				<key>CLANG_WARN_CONSTANT_CONVERSION</key>
				<string>YES</string>
				<key>CLANG_WARN_DIRECT_OBJC_ISA_USAGE</key>
				<string>YES_ERROR</string>
				<key>CLANG_WARN_EMPTY_BODY</key>
				<string>YES</string>
				<key>CLANG_WARN_ENUM_CONVERSION</key>
				<string>YES</string>
				<key>CLANG_WARN_INT_CONVERSION</key>
				<string>YES</string>
				<key>CLANG_WARN_OBJC_ROOT_CLASS</key>
				<string>YES_ERROR</string>
				<key>CLANG_WARN__DUPLICATE_METHOD_MATCH</key>
				<string>YES</string>
				<key>CODE_SIGN_IDENTITY[sdk=iphoneos*]</key>
				<string>iPhone Developer</string>
				<key>COPY_PHASE_STRIP</key>
				<string>YES</string>
				<key>ENABLE_NS_ASSERTIONS</key>
				<string>NO</string>
				<key>GCC_C_LANGUAGE_STANDARD</key>
				<string>gnu99</string>
				<key>GCC_WARN_64_TO_32_BIT_CONVERSION</key>
				<string>YES</string>
				<key>GCC_WARN_ABOUT_RETURN_TYPE</key>
				<string>YES_ERROR</string>
				<key>GCC_WARN_UNDECLARED_SELECTOR</key>
				<string>YES</string>
				<key>GCC_WARN_UNINITIALIZED_AUTOS</key>
				<string>YES</string>
				<key>GCC_WARN_UNUSED_FUNCTION</key>
				<string>YES</string>
				<key>GCC_WARN_UNUSED_VARIABLE</key>
				<string>YES</string>
				<key>IPHONEOS_DEPLOYMENT_TARGET</key>
				<string>7.0</string>
				<key>SDKROOT</key>
				<string>iphoneos</string>
				<key>VALIDATE_PRODUCT</key>
				<string>YES</string>
			</dict>
			<key>isa</key>
			<string>XCBuildConfiguration</string>
			<key>name</key>
			<string>Release</string>
		</dict>
		<key>C79F799C188FB7140052DE69</key>
		<dict>
			<key>buildConfigurations</key>
			<array>
				<string>C79F799D188FB7140052DE69</string>
				<string>C79F799E188FB7140052DE69</string>
			</array>
			<key>defaultConfigurationIsVisible</key>
			<string>0</string>
			<key>isa</key>
			<string>XCConfigurationList</string>
		</dict>
		<key>C79F799D188FB7140052DE69</key>
		<dict>
			<key>baseConfigurationReference</key>
			<string>3A27F6678ED64613A1EF91EC</string>
			<key>buildSettings</key>
			<dict>
				<key>ASSETCATALOG_COMPILER_APPICON_NAME</key>
				<string>AppIcon</string>
				<key>ASSETCATALOG_COMPILER_LAUNCHIMAGE_NAME</key>
				<string>LaunchImage</string>
				<key>GCC_PRECOMPILE_PREFIX_HEADER</key>
				<string>YES</string>
				<key>GCC_PREFIX_HEADER</key>
				<string>iBeaconDemo/iBeaconDemo-Prefix.pch</string>
				<key>INFOPLIST_FILE</key>
				<string>iBeaconDemo/iBeaconDemo-Info.plist</string>
				<key>PRODUCT_NAME</key>
				<string>$(TARGET_NAME)</string>
				<key>WRAPPER_EXTENSION</key>
				<string>app</string>
			</dict>
			<key>isa</key>
			<string>XCBuildConfiguration</string>
			<key>name</key>
			<string>Debug</string>
		</dict>
		<key>C79F799E188FB7140052DE69</key>
		<dict>
			<key>baseConfigurationReference</key>
			<string>3A27F6678ED64613A1EF91EC</string>
			<key>buildSettings</key>
			<dict>
				<key>ASSETCATALOG_COMPILER_APPICON_NAME</key>
				<string>AppIcon</string>
				<key>ASSETCATALOG_COMPILER_LAUNCHIMAGE_NAME</key>
				<string>LaunchImage</string>
				<key>GCC_PRECOMPILE_PREFIX_HEADER</key>
				<string>YES</string>
				<key>GCC_PREFIX_HEADER</key>
				<string>iBeaconDemo/iBeaconDemo-Prefix.pch</string>
				<key>INFOPLIST_FILE</key>
				<string>iBeaconDemo/iBeaconDemo-Info.plist</string>
				<key>PRODUCT_NAME</key>
				<string>$(TARGET_NAME)</string>
				<key>WRAPPER_EXTENSION</key>
				<string>app</string>
			</dict>
			<key>isa</key>
			<string>XCBuildConfiguration</string>
			<key>name</key>
			<string>Release</string>
		</dict>
		<key>C79F799F188FB7140052DE69</key>
		<dict>
			<key>buildConfigurations</key>
			<array>
				<string>C79F79A0188FB7140052DE69</string>
				<string>C79F79A1188FB7140052DE69</string>
			</array>
			<key>defaultConfigurationIsVisible</key>
			<string>0</string>
			<key>isa</key>
			<string>XCConfigurationList</string>
		</dict>
		<key>C79F79A0188FB7140052DE69</key>
		<dict>
			<key>buildSettings</key>
			<dict>
				<key>ARCHS</key>
				<string>$(ARCHS_STANDARD_INCLUDING_64_BIT)</string>
				<key>BUNDLE_LOADER</key>
				<string>$(BUILT_PRODUCTS_DIR)/iBeaconDemo.app/iBeaconDemo</string>
				<key>FRAMEWORK_SEARCH_PATHS</key>
				<array>
					<string>$(SDKROOT)/Developer/Library/Frameworks</string>
					<string>$(inherited)</string>
					<string>$(DEVELOPER_FRAMEWORKS_DIR)</string>
				</array>
				<key>GCC_PRECOMPILE_PREFIX_HEADER</key>
				<string>YES</string>
				<key>GCC_PREFIX_HEADER</key>
				<string>iBeaconDemo/iBeaconDemo-Prefix.pch</string>
				<key>GCC_PREPROCESSOR_DEFINITIONS</key>
				<array>
					<string>DEBUG=1</string>
					<string>$(inherited)</string>
				</array>
				<key>INFOPLIST_FILE</key>
				<string>iBeaconDemoTests/iBeaconDemoTests-Info.plist</string>
				<key>PRODUCT_NAME</key>
				<string>$(TARGET_NAME)</string>
				<key>TEST_HOST</key>
				<string>$(BUNDLE_LOADER)</string>
				<key>WRAPPER_EXTENSION</key>
				<string>xctest</string>
			</dict>
			<key>isa</key>
			<string>XCBuildConfiguration</string>
			<key>name</key>
			<string>Debug</string>
		</dict>
		<key>C79F79A1188FB7140052DE69</key>
		<dict>
			<key>buildSettings</key>
			<dict>
				<key>ARCHS</key>
				<string>$(ARCHS_STANDARD_INCLUDING_64_BIT)</string>
				<key>BUNDLE_LOADER</key>
				<string>$(BUILT_PRODUCTS_DIR)/iBeaconDemo.app/iBeaconDemo</string>
				<key>FRAMEWORK_SEARCH_PATHS</key>
				<array>
					<string>$(SDKROOT)/Developer/Library/Frameworks</string>
					<string>$(inherited)</string>
					<string>$(DEVELOPER_FRAMEWORKS_DIR)</string>
				</array>
				<key>GCC_PRECOMPILE_PREFIX_HEADER</key>
				<string>YES</string>
				<key>GCC_PREFIX_HEADER</key>
				<string>iBeaconDemo/iBeaconDemo-Prefix.pch</string>
				<key>INFOPLIST_FILE</key>
				<string>iBeaconDemoTests/iBeaconDemoTests-Info.plist</string>
				<key>PRODUCT_NAME</key>
				<string>$(TARGET_NAME)</string>
				<key>TEST_HOST</key>
				<string>$(BUNDLE_LOADER)</string>
				<key>WRAPPER_EXTENSION</key>
				<string>xctest</string>
			</dict>
			<key>isa</key>
			<string>XCBuildConfiguration</string>
			<key>name</key>
			<string>Release</string>
		</dict>
		<key>C79F79A2188FBA210052DE69</key>
		<dict>
			<key>fileEncoding</key>
			<string>4</string>
			<key>isa</key>
			<string>PBXFileReference</string>
			<key>lastKnownFileType</key>
			<string>sourcecode.c.h</string>
			<key>path</key>
			<string>IBHomeViewController.h</string>
			<key>sourceTree</key>
			<string>&lt;group&gt;</string>
		</dict>
		<key>C79F79A3188FBA210052DE69</key>
		<dict>
			<key>fileEncoding</key>
			<string>4</string>
			<key>isa</key>
			<string>PBXFileReference</string>
			<key>lastKnownFileType</key>
			<string>sourcecode.c.objc</string>
			<key>path</key>
			<string>IBHomeViewController.m</string>
			<key>sourceTree</key>
			<string>&lt;group&gt;</string>
		</dict>
		<key>C79F79A4188FBA210052DE69</key>
		<dict>
			<key>fileRef</key>
			<string>C79F79A3188FBA210052DE69</string>
			<key>isa</key>
			<string>PBXBuildFile</string>
		</dict>
		<key>C79F79A6188FBB940052DE69</key>
		<dict>
			<key>fileEncoding</key>
			<string>4</string>
			<key>isa</key>
			<string>PBXFileReference</string>
			<key>lastKnownFileType</key>
			<string>sourcecode.c.h</string>
			<key>path</key>
			<string>IBSettingViewController.h</string>
			<key>sourceTree</key>
			<string>&lt;group&gt;</string>
		</dict>
		<key>C79F79A7188FBB940052DE69</key>
		<dict>
			<key>fileEncoding</key>
			<string>4</string>
			<key>isa</key>
			<string>PBXFileReference</string>
			<key>lastKnownFileType</key>
			<string>sourcecode.c.objc</string>
			<key>path</key>
			<string>IBSettingViewController.m</string>
			<key>sourceTree</key>
			<string>&lt;group&gt;</string>
		</dict>
		<key>C79F79A8188FBB940052DE69</key>
		<dict>
			<key>fileRef</key>
			<string>C79F79A7188FBB940052DE69</string>
			<key>isa</key>
			<string>PBXBuildFile</string>
		</dict>
		<key>C79F79A9188FBBA80052DE69</key>
		<dict>
			<key>fileEncoding</key>
			<string>4</string>
			<key>isa</key>
			<string>PBXFileReference</string>
			<key>lastKnownFileType</key>
			<string>sourcecode.c.h</string>
			<key>path</key>
			<string>IBRoomViewController.h</string>
			<key>sourceTree</key>
			<string>&lt;group&gt;</string>
		</dict>
		<key>C79F79AA188FBBA80052DE69</key>
		<dict>
			<key>fileEncoding</key>
			<string>4</string>
			<key>isa</key>
			<string>PBXFileReference</string>
			<key>lastKnownFileType</key>
			<string>sourcecode.c.objc</string>
			<key>path</key>
			<string>IBRoomViewController.m</string>
			<key>sourceTree</key>
			<string>&lt;group&gt;</string>
		</dict>
		<key>C79F79AB188FBBA80052DE69</key>
		<dict>
			<key>fileRef</key>
			<string>C79F79AA188FBBA80052DE69</string>
			<key>isa</key>
			<string>PBXBuildFile</string>
		</dict>
		<key>C79F79AD188FC62B0052DE69</key>
		<dict>
			<key>children</key>
			<array>
				<string>C79F79A2188FBA210052DE69</string>
				<string>C79F79A3188FBA210052DE69</string>
				<string>C79F79A6188FBB940052DE69</string>
				<string>C79F79A7188FBB940052DE69</string>
				<string>C79F79A9188FBBA80052DE69</string>
				<string>C79F79AA188FBBA80052DE69</string>
			</array>
			<key>isa</key>
			<string>PBXGroup</string>
			<key>name</key>
			<string>Controller</string>
			<key>sourceTree</key>
			<string>&lt;group&gt;</string>
		</dict>
		<key>C79F79AE188FC6490052DE69</key>
		<dict>
			<key>children</key>
			<array>
				<string>C79F79AF188FC6600052DE69</string>
				<string>C79F79B0188FC6600052DE69</string>
				<string>C79F79BC188FC6CB0052DE69</string>
				<string>C79F79BD188FC6CB0052DE69</string>
				<string>C79F79BF188FC6D50052DE69</string>
				<string>C79F79C0188FC6D50052DE69</string>
				<string>C79F79C2188FC6E10052DE69</string>
				<string>C79F79C3188FC6E10052DE69</string>
				<string>C79F79C5188FC71D0052DE69</string>
				<string>C79F79C6188FC71D0052DE69</string>
				<string>C79F79C8188FC7400052DE69</string>
				<string>C79F79C9188FC7400052DE69</string>
			</array>
			<key>isa</key>
			<string>PBXGroup</string>
			<key>name</key>
			<string>Service</string>
			<key>sourceTree</key>
			<string>&lt;group&gt;</string>
		</dict>
		<key>C79F79AF188FC6600052DE69</key>
		<dict>
			<key>fileEncoding</key>
			<string>4</string>
			<key>isa</key>
			<string>PBXFileReference</string>
			<key>lastKnownFileType</key>
			<string>sourcecode.c.h</string>
			<key>path</key>
			<string>IBService.h</string>
			<key>sourceTree</key>
			<string>&lt;group&gt;</string>
		</dict>
		<key>C79F79B0188FC6600052DE69</key>
		<dict>
			<key>fileEncoding</key>
			<string>4</string>
			<key>isa</key>
			<string>PBXFileReference</string>
			<key>lastKnownFileType</key>
			<string>sourcecode.c.objc</string>
			<key>path</key>
			<string>IBService.m</string>
			<key>sourceTree</key>
			<string>&lt;group&gt;</string>
		</dict>
		<key>C79F79B1188FC6600052DE69</key>
		<dict>
			<key>fileRef</key>
			<string>C79F79B0188FC6600052DE69</string>
			<key>isa</key>
			<string>PBXBuildFile</string>
		</dict>
		<key>C79F79B2188FC6760052DE69</key>
		<dict>
			<key>children</key>
			<array>
				<string>C79F79B3188FC6890052DE69</string>
				<string>C79F79B4188FC6890052DE69</string>
				<string>C79F79B6188FC6920052DE69</string>
				<string>C79F79B7188FC6920052DE69</string>
				<string>C79F79B9188FC69A0052DE69</string>
				<string>C79F79BA188FC69A0052DE69</string>
			</array>
			<key>isa</key>
			<string>PBXGroup</string>
			<key>name</key>
			<string>Entity</string>
			<key>sourceTree</key>
			<string>&lt;group&gt;</string>
		</dict>
		<key>C79F79B3188FC6890052DE69</key>
		<dict>
			<key>fileEncoding</key>
			<string>4</string>
			<key>isa</key>
			<string>PBXFileReference</string>
			<key>lastKnownFileType</key>
			<string>sourcecode.c.h</string>
			<key>path</key>
			<string>IBItem.h</string>
			<key>sourceTree</key>
			<string>&lt;group&gt;</string>
		</dict>
		<key>C79F79B4188FC6890052DE69</key>
		<dict>
			<key>fileEncoding</key>
			<string>4</string>
			<key>isa</key>
			<string>PBXFileReference</string>
			<key>lastKnownFileType</key>
			<string>sourcecode.c.objc</string>
			<key>path</key>
			<string>IBItem.m</string>
			<key>sourceTree</key>
			<string>&lt;group&gt;</string>
		</dict>
		<key>C79F79B5188FC6890052DE69</key>
		<dict>
			<key>fileRef</key>
			<string>C79F79B4188FC6890052DE69</string>
			<key>isa</key>
			<string>PBXBuildFile</string>
		</dict>
		<key>C79F79B6188FC6920052DE69</key>
		<dict>
			<key>fileEncoding</key>
			<string>4</string>
			<key>isa</key>
			<string>PBXFileReference</string>
			<key>lastKnownFileType</key>
			<string>sourcecode.c.h</string>
			<key>path</key>
			<string>IBUser.h</string>
			<key>sourceTree</key>
			<string>&lt;group&gt;</string>
		</dict>
		<key>C79F79B7188FC6920052DE69</key>
		<dict>
			<key>fileEncoding</key>
			<string>4</string>
			<key>isa</key>
			<string>PBXFileReference</string>
			<key>lastKnownFileType</key>
			<string>sourcecode.c.objc</string>
			<key>path</key>
			<string>IBUser.m</string>
			<key>sourceTree</key>
			<string>&lt;group&gt;</string>
		</dict>
		<key>C79F79B8188FC6920052DE69</key>
		<dict>
			<key>fileRef</key>
			<string>C79F79B7188FC6920052DE69</string>
			<key>isa</key>
			<string>PBXBuildFile</string>
		</dict>
		<key>C79F79B9188FC69A0052DE69</key>
		<dict>
			<key>fileEncoding</key>
			<string>4</string>
			<key>isa</key>
			<string>PBXFileReference</string>
			<key>lastKnownFileType</key>
			<string>sourcecode.c.h</string>
			<key>path</key>
			<string>IBRoom.h</string>
			<key>sourceTree</key>
			<string>&lt;group&gt;</string>
		</dict>
		<key>C79F79BA188FC69A0052DE69</key>
		<dict>
			<key>fileEncoding</key>
			<string>4</string>
			<key>isa</key>
			<string>PBXFileReference</string>
			<key>lastKnownFileType</key>
			<string>sourcecode.c.objc</string>
			<key>path</key>
			<string>IBRoom.m</string>
			<key>sourceTree</key>
			<string>&lt;group&gt;</string>
		</dict>
		<key>C79F79BB188FC69A0052DE69</key>
		<dict>
			<key>fileRef</key>
			<string>C79F79BA188FC69A0052DE69</string>
			<key>isa</key>
			<string>PBXBuildFile</string>
		</dict>
		<key>C79F79BC188FC6CB0052DE69</key>
		<dict>
			<key>fileEncoding</key>
			<string>4</string>
			<key>isa</key>
			<string>PBXFileReference</string>
			<key>lastKnownFileType</key>
			<string>sourcecode.c.h</string>
			<key>path</key>
			<string>IBCreateRoom.h</string>
			<key>sourceTree</key>
			<string>&lt;group&gt;</string>
		</dict>
		<key>C79F79BD188FC6CB0052DE69</key>
		<dict>
			<key>fileEncoding</key>
			<string>4</string>
			<key>isa</key>
			<string>PBXFileReference</string>
			<key>lastKnownFileType</key>
			<string>sourcecode.c.objc</string>
			<key>path</key>
			<string>IBCreateRoom.m</string>
			<key>sourceTree</key>
			<string>&lt;group&gt;</string>
		</dict>
		<key>C79F79BE188FC6CB0052DE69</key>
		<dict>
			<key>fileRef</key>
			<string>C79F79BD188FC6CB0052DE69</string>
			<key>isa</key>
			<string>PBXBuildFile</string>
		</dict>
		<key>C79F79BF188FC6D50052DE69</key>
		<dict>
			<key>fileEncoding</key>
			<string>4</string>
			<key>isa</key>
			<string>PBXFileReference</string>
			<key>lastKnownFileType</key>
			<string>sourcecode.c.h</string>
			<key>path</key>
			<string>IBSetting.h</string>
			<key>sourceTree</key>
			<string>&lt;group&gt;</string>
		</dict>
		<key>C79F79C0188FC6D50052DE69</key>
		<dict>
			<key>fileEncoding</key>
			<string>4</string>
			<key>isa</key>
			<string>PBXFileReference</string>
			<key>lastKnownFileType</key>
			<string>sourcecode.c.objc</string>
			<key>path</key>
			<string>IBSetting.m</string>
			<key>sourceTree</key>
			<string>&lt;group&gt;</string>
		</dict>
		<key>C79F79C1188FC6D50052DE69</key>
		<dict>
			<key>fileRef</key>
			<string>C79F79C0188FC6D50052DE69</string>
			<key>isa</key>
			<string>PBXBuildFile</string>
		</dict>
		<key>C79F79C2188FC6E10052DE69</key>
		<dict>
			<key>fileEncoding</key>
			<string>4</string>
			<key>isa</key>
			<string>PBXFileReference</string>
			<key>lastKnownFileType</key>
			<string>sourcecode.c.h</string>
			<key>path</key>
			<string>IBExchange.h</string>
			<key>sourceTree</key>
			<string>&lt;group&gt;</string>
		</dict>
		<key>C79F79C3188FC6E10052DE69</key>
		<dict>
			<key>fileEncoding</key>
			<string>4</string>
			<key>isa</key>
			<string>PBXFileReference</string>
			<key>lastKnownFileType</key>
			<string>sourcecode.c.objc</string>
			<key>path</key>
			<string>IBExchange.m</string>
			<key>sourceTree</key>
			<string>&lt;group&gt;</string>
		</dict>
		<key>C79F79C4188FC6E10052DE69</key>
		<dict>
			<key>fileRef</key>
			<string>C79F79C3188FC6E10052DE69</string>
			<key>isa</key>
			<string>PBXBuildFile</string>
		</dict>
		<key>C79F79C5188FC71D0052DE69</key>
		<dict>
			<key>fileEncoding</key>
			<string>4</string>
			<key>isa</key>
			<string>PBXFileReference</string>
			<key>lastKnownFileType</key>
			<string>sourcecode.c.h</string>
			<key>path</key>
			<string>IBJoinRoom.h</string>
			<key>sourceTree</key>
			<string>&lt;group&gt;</string>
		</dict>
		<key>C79F79C6188FC71D0052DE69</key>
		<dict>
			<key>fileEncoding</key>
			<string>4</string>
			<key>isa</key>
			<string>PBXFileReference</string>
			<key>lastKnownFileType</key>
			<string>sourcecode.c.objc</string>
			<key>path</key>
			<string>IBJoinRoom.m</string>
			<key>sourceTree</key>
			<string>&lt;group&gt;</string>
		</dict>
		<key>C79F79C7188FC71D0052DE69</key>
		<dict>
			<key>fileRef</key>
			<string>C79F79C6188FC71D0052DE69</string>
			<key>isa</key>
			<string>PBXBuildFile</string>
		</dict>
		<key>C79F79C8188FC7400052DE69</key>
		<dict>
			<key>fileEncoding</key>
			<string>4</string>
			<key>isa</key>
			<string>PBXFileReference</string>
			<key>lastKnownFileType</key>
			<string>sourcecode.c.h</string>
			<key>path</key>
			<string>IBGetRoomUserList.h</string>
			<key>sourceTree</key>
			<string>&lt;group&gt;</string>
		</dict>
		<key>C79F79C9188FC7400052DE69</key>
		<dict>
			<key>fileEncoding</key>
			<string>4</string>
			<key>isa</key>
			<string>PBXFileReference</string>
			<key>lastKnownFileType</key>
			<string>sourcecode.c.objc</string>
			<key>path</key>
			<string>IBGetRoomUserList.m</string>
			<key>sourceTree</key>
			<string>&lt;group&gt;</string>
		</dict>
		<key>C79F79CA188FC7400052DE69</key>
		<dict>
			<key>fileRef</key>
			<string>C79F79C9188FC7400052DE69</string>
			<key>isa</key>
			<string>PBXBuildFile</string>
		</dict>
		<key>C79F79CB188FC79D0052DE69</key>
		<dict>
			<key>children</key>
			<array>
				<string>C79F79CC188FC7B10052DE69</string>
				<string>C79F79CD188FC7B10052DE69</string>
			</array>
			<key>isa</key>
			<string>PBXGroup</string>
			<key>name</key>
			<string>iBeacon</string>
			<key>sourceTree</key>
			<string>&lt;group&gt;</string>
		</dict>
		<key>C79F79CC188FC7B10052DE69</key>
		<dict>
			<key>fileEncoding</key>
			<string>4</string>
			<key>isa</key>
			<string>PBXFileReference</string>
			<key>lastKnownFileType</key>
			<string>sourcecode.c.h</string>
			<key>path</key>
			<string>IBBeaconManager.h</string>
			<key>sourceTree</key>
			<string>&lt;group&gt;</string>
		</dict>
		<key>C79F79CD188FC7B10052DE69</key>
		<dict>
			<key>fileEncoding</key>
			<string>4</string>
			<key>isa</key>
			<string>PBXFileReference</string>
			<key>lastKnownFileType</key>
			<string>sourcecode.c.objc</string>
			<key>path</key>
			<string>IBBeaconManager.m</string>
			<key>sourceTree</key>
			<string>&lt;group&gt;</string>
		</dict>
		<key>C79F79CE188FC7B10052DE69</key>
		<dict>
			<key>fileRef</key>
			<string>C79F79CD188FC7B10052DE69</string>
			<key>isa</key>
			<string>PBXBuildFile</string>
		</dict>
	</dict>
	<key>rootObject</key>
	<string>C79F795F188FB7140052DE69</string>
</dict>
</plist>
